
Microsoft Visual Studio Solution File, Format Version 12.00
# Visual Studio 2012
Project("{FAE04EC0-301F-11D3-BF4B-00C04F79EFBC}") = "CS422HW5", "CS422HW5\CS422HW5.csproj", "{F3552725-FDD4-427E-BA40-91936664A9C2}"
EndProject
Project("{FAE04EC0-301F-11D3-BF4B-00C04F79EFBC}") = "HW5", "HW5\HW5.csproj", "{66AC9E87-D48F-460E-99DA-EF6D82CFAFDC}"
EndProject
Global
	GlobalSection(SolutionConfigurationPlatforms) = preSolution
		Debug|x86 = Debug|x86
		Release|x86 = Release|x86
	EndGlobalSection
	GlobalSection(ProjectConfigurationPlatforms) = postSolution
		{66AC9E87-D48F-460E-99DA-EF6D82CFAFDC}.Debug|x86.ActiveCfg = Debug|x86
		{66AC9E87-D48F-460E-99DA-EF6D82CFAFDC}.Debug|x86.Build.0 = Debug|x86
		{66AC9E87-D48F-460E-99DA-EF6D82CFAFDC}.Release|x86.ActiveCfg = Release|x86
		{66AC9E87-D48F-460E-99DA-EF6D82CFAFDC}.Release|x86.Build.0 = Release|x86
		{F3552725-FDD4-427E-BA40-91936664A9C2}.Debug|x86.ActiveCfg = Debug|x86
		{F3552725-FDD4-427E-BA40-91936664A9C2}.Debug|x86.Build.0 = Debug|x86
		{F3552725-FDD4-427E-BA40-91936664A9C2}.Release|x86.ActiveCfg = Release|x86
		{F3552725-FDD4-427E-BA40-91936664A9C2}.Release|x86.Build.0 = Release|x86
	EndGlobalSection
EndGlobal
